
Microsoft Visual Studio Solution File, Format Version 12.00
# Visual Studio 2013
VisualStudioVersion = 12.0.31101.0
MinimumVisualStudioVersion = 10.0.40219.1
Project("{FAE04EC0-301F-11D3-BF4B-00C04F79EFBC}") = "MongoDBApplication", "MvcMongoDBApplication\MongoDBApplication.csproj", "{F3DACCC8-7856-4CAD-96C1-F78A739E7B47}"
EndProject
Project("{FAE04EC0-301F-11D3-BF4B-00C04F79EFBC}") = "MongoDBData", "MongoDBData\MongoDBData.csproj", "{009EFBD6-23F9-4296-A857-C6D1CF4A4654}"
EndProject
Global
	GlobalSection(SolutionConfigurationPlatforms) = preSolution
		Debug|Any CPU = Debug|Any CPU
		Release|Any CPU = Release|Any CPU
	EndGlobalSection
	GlobalSection(ProjectConfigurationPlatforms) = postSolution
		{F3DACCC8-7856-4CAD-96C1-F78A739E7B47}.Debug|Any CPU.ActiveCfg = Debug|Any CPU
		{F3DACCC8-7856-4CAD-96C1-F78A739E7B47}.Debug|Any CPU.Build.0 = Debug|Any CPU
		{F3DACCC8-7856-4CAD-96C1-F78A739E7B47}.Release|Any CPU.ActiveCfg = Release|Any CPU
		{F3DACCC8-7856-4CAD-96C1-F78A739E7B47}.Release|Any CPU.Build.0 = Release|Any CPU
		{009EFBD6-23F9-4296-A857-C6D1CF4A4654}.Debug|Any CPU.ActiveCfg = Debug|Any CPU
		{009EFBD6-23F9-4296-A857-C6D1CF4A4654}.Debug|Any CPU.Build.0 = Debug|Any CPU
		{009EFBD6-23F9-4296-A857-C6D1CF4A4654}.Release|Any CPU.ActiveCfg = Release|Any CPU
		{009EFBD6-23F9-4296-A857-C6D1CF4A4654}.Release|Any CPU.Build.0 = Release|Any CPU
	EndGlobalSection
	GlobalSection(SolutionProperties) = preSolution
		HideSolutionNode = FALSE
	EndGlobalSection
EndGlobal
